// !$*UTF8*$!
{
	archiveVersion = 1;
	classes = {
	};
	objectVersion = 50;
	objects = {

/* Begin PBXBuildFile section */
		591B2408259AB9AA000A7AFB /* AppDelegate.swift in Sources */ = {isa = PBXBuildFile; fileRef = 591B2407259AB9AA000A7AFB /* AppDelegate.swift */; };
		591B240A259AB9AA000A7AFB /* SceneDelegate.swift in Sources */ = {isa = PBXBuildFile; fileRef = 591B2409259AB9AA000A7AFB /* SceneDelegate.swift */; };
		591B240C259AB9AA000A7AFB /* ContentView.swift in Sources */ = {isa = PBXBuildFile; fileRef = 591B240B259AB9AA000A7AFB /* ContentView.swift */; };
		591B240E259AB9B0000A7AFB /* Assets.xcassets in Resources */ = {isa = PBXBuildFile; fileRef = 591B240D259AB9B0000A7AFB /* Assets.xcassets */; };
		591B2411259AB9B0000A7AFB /* Preview Assets.xcassets in Resources */ = {isa = PBXBuildFile; fileRef = 591B2410259AB9B0000A7AFB /* Preview Assets.xcassets */; };
		591B2414259AB9B0000A7AFB /* LaunchScreen.storyboard in Resources */ = {isa = PBXBuildFile; fileRef = 591B2412259AB9B0000A7AFB /* LaunchScreen.storyboard */; };
/* End PBXBuildFile section */

/* Begin PBXFileReference section */
		591B2404259AB9AA000A7AFB /* 01-first_app.app */ = {isa = PBXFileReference; explicitFileType = wrapper.application; includeInIndex = 0; path = "01-first_app.app"; sourceTree = BUILT_PRODUCTS_DIR; };
		591B2407259AB9AA000A7AFB /* AppDelegate.swift */ = {isa = PBXFileReference; lastKnownFileType = sourcecode.swift; path = AppDelegate.swift; sourceTree = "<group>"; };
		591B2409259AB9AA000A7AFB /* SceneDelegate.swift */ = {isa = PBXFileReference; lastKnownFileType = sourcecode.swift; path = SceneDelegate.swift; sourceTree = "<group>"; };
		591B240B259AB9AA000A7AFB /* ContentView.swift */ = {isa = PBXFileReference; lastKnownFileType = sourcecode.swift; path = ContentView.swift; sourceTree = "<group>"; };
		591B240D259AB9B0000A7AFB /* Assets.xcassets */ = {isa = PBXFileReference; lastKnownFileType = folder.assetcatalog; path = Assets.xcassets; sourceTree = "<group>"; };
		591B2410259AB9B0000A7AFB /* Preview Assets.xcassets */ = {isa = PBXFileReference; lastKnownFileType = folder.assetcatalog; path = "Preview Assets.xcassets"; sourceTree = "<group>"; };
		591B2413259AB9B0000A7AFB /* Base */ = {isa = PBXFileReference; lastKnownFileType = file.storyboard; name = Base; path = Base.lproj/LaunchScreen.storyboard; sourceTree = "<group>"; };
		591B2415259AB9B0000A7AFB /* Info.plist */ = {isa = PBXFileReference; lastKnownFileType = text.plist.xml; path = Info.plist; sourceTree = "<group>"; };
/* End PBXFileReference section */

/* Begin PBXFrameworksBuildPhase section */
		591B2401259AB9AA000A7AFB /* Frameworks */ = {
			isa = PBXFrameworksBuildPhase;
			buildActionMask = 2147483647;
			files = (
			);
			runOnlyForDeploymentPostprocessing = 0;
		};
/* End PBXFrameworksBuildPhase section */

/* Begin PBXGroup section */
		591B23FB259AB9AA000A7AFB = {
			isa = PBXGroup;
			children = (
				591B2406259AB9AA000A7AFB /* 01-first_app */,
				591B2405259AB9AA000A7AFB /* Products */,
			);
			sourceTree = "<group>";
		};
		591B2405259AB9AA000A7AFB /* Products */ = {
			isa = PBXGroup;
			children = (
				591B2404259AB9AA000A7AFB /* 01-first_app.app */,
			);
			name = Products;
			sourceTree = "<group>";
		};
		591B2406259AB9AA000A7AFB /* 01-first_app */ = {
			isa = PBXGroup;
			children = (
				591B2407259AB9AA000A7AFB /* AppDelegate.swift */,
				591B2409259AB9AA000A7AFB /* SceneDelegate.swift */,
				591B240B259AB9AA000A7AFB /* ContentView.swift */,
				591B240D259AB9B0000A7AFB /* Assets.xcassets */,
				591B2412259AB9B0000A7AFB /* LaunchScreen.storyboard */,
				591B2415259AB9B0000A7AFB /* Info.plist */,
				591B240F259AB9B0000A7AFB /* Preview Content */,
			);
			path = "01-first_app";
			sourceTree = "<group>";
		};
		591B240F259AB9B0000A7AFB /* Preview Content */ = {
			isa = PBXGroup;
			children = (
				591B2410259AB9B0000A7AFB /* Preview Assets.xcassets */,
			);
			path = "Preview Content";
			sourceTree = "<group>";
		};
/* End PBXGroup section */

/* Begin PBXNativeTarget section */
		591B2403259AB9AA000A7AFB /* 01-first_app */ = {
			isa = PBXNativeTarget;
			buildConfigurationList = 591B2418259AB9B0000A7AFB /* Build configuration list for PBXNativeTarget "01-first_app" */;
			buildPhases = (
				591B2400259AB9AA000A7AFB /* Sources */,
				591B2401259AB9AA000A7AFB /* Frameworks */,
				591B2402259AB9AA000A7AFB /* Resources */,
			);
			buildRules = (
			);
			dependencies = (
			);
			name = "01-first_app";
			productName = "01-first_app";
			productReference = 591B2404259AB9AA000A7AFB /* 01-first_app.app */;
			productType = "com.apple.product-type.application";
		};
/* End PBXNativeTarget section */

/* Begin PBXProject section */
		591B23FC259AB9AA000A7AFB /* Project object */ = {
			isa = PBXProject;
			attributes = {
				LastSwiftUpdateCheck = 1130;
				LastUpgradeCheck = 1130;
				ORGANIZATIONNAME = "Lorenzo Jaime Castro Vazquez1";
				TargetAttributes = {
					591B2403259AB9AA000A7AFB = {
						CreatedOnToolsVersion = 11.3.1;
					};
				};
			};
			buildConfigurationList = 591B23FF259AB9AA000A7AFB /* Build configuration list for PBXProject "01-first_app" */;
			compatibilityVersion = "Xcode 9.3";
			developmentRegion = en;
			hasScannedForEncodings = 0;
			knownRegions = (
				en,
				Base,
			);
			mainGroup = 591B23FB259AB9AA000A7AFB;
			productRefGroup = 591B2405259AB9AA000A7AFB /* Products */;
			projectDirPath = "";
			projectRoot = "";
			targets = (
				591B2403259AB9AA000A7AFB /* 01-first_app */,
			);
		};
/* End PBXProject section */

/* Begin PBXResourcesBuildPhase section */
		591B2402259AB9AA000A7AFB /* Resources */ = {
			isa = PBXResourcesBuildPhase;
			buildActionMask = 2147483647;
			files = (
				591B2414259AB9B0000A7AFB /* LaunchScreen.storyboard in Resources */,
				591B2411259AB9B0000A7AFB /* Preview Assets.xcassets in Resources */,
				591B240E259AB9B0000A7AFB /* Assets.xcassets in Resources */,
			);
			runOnlyForDeploymentPostprocessing = 0;
		};
/* End PBXResourcesBuildPhase section */

/* Begin PBXSourcesBuildPhase section */
		591B2400259AB9AA000A7AFB /* Sources */ = {
			isa = PBXSourcesBuildPhase;
			buildActionMask = 2147483647;
			files = (
				591B2408259AB9AA000A7AFB /* AppDelegate.swift in Sources */,
				591B240A259AB9AA000A7AFB /* SceneDelegate.swift in Sources */,
				591B240C259AB9AA000A7AFB /* ContentView.swift in Sources */,
			);
			runOnlyForDeploymentPostprocessing = 0;
		};
/* End PBXSourcesBuildPhase section */

/* Begin PBXVariantGroup section */
		591B2412259AB9B0000A7AFB /* LaunchScreen.storyboard */ = {
			isa = PBXVariantGroup;
			children = (
				591B2413259AB9B0000A7AFB /* Base */,
			);
			name = LaunchScreen.storyboard;
			sourceTree = "<group>";
		};
/* End PBXVariantGroup section */

/* Begin XCBuildConfiguration section */
		591B2416259AB9B0000A7AFB /* Debug */ = {
			isa = XCBuildConfiguration;
			buildSettings = {
				ALWAYS_SEARCH_USER_PATHS = NO;
				CLANG_ANALYZER_NONNULL = YES;
				CLANG_ANALYZER_NUMBER_OBJECT_CONVERSION = YES_AGGRESSIVE;
				CLANG_CXX_LANGUAGE_STANDARD = "gnu++14";
				CLANG_CXX_LIBRARY = "libc++";
				CLANG_ENABLE_MODULES = YES;
				CLANG_ENABLE_OBJC_ARC = YES;
				CLANG_ENABLE_OBJC_WEAK = YES;
				CLANG_WARN_BLOCK_CAPTURE_AUTORELEASING = YES;
				CLANG_WARN_BOOL_CONVERSION = YES;
				CLANG_WARN_COMMA = YES;
				CLANG_WARN_CONSTANT_CONVERSION = YES;
				CLANG_WARN_DEPRECATED_OBJC_IMPLEMENTATIONS = YES;
				CLANG_WARN_DIRECT_OBJC_ISA_USAGE = YES_ERROR;
				CLANG_WARN_DOCUMENTATION_COMMENTS = YES;
				CLANG_WARN_EMPTY_BODY = YES;
				CLANG_WARN_ENUM_CONVERSION = YES;
				CLANG_WARN_INFINITE_RECURSION = YES;
				CLANG_WARN_INT_CONVERSION = YES;
				CLANG_WARN_NON_LITERAL_NULL_CONVERSION = YES;
				CLANG_WARN_OBJC_IMPLICIT_RETAIN_SELF = YES;
				CLANG_WARN_OBJC_LITERAL_CONVERSION = YES;
				CLANG_WARN_OBJC_ROOT_CLASS = YES_ERROR;
				CLANG_WARN_RANGE_LOOP_ANALYSIS = YES;
				CLANG_WARN_STRICT_PROTOTYPES = YES;
				CLANG_WARN_SUSPICIOUS_MOVE = YES;
				CLANG_WARN_UNGUARDED_AVAILABILITY = YES_AGGRESSIVE;
				CLANG_WARN_UNREACHABLE_CODE = YES;
				CLANG_WARN__DUPLICATE_METHOD_MATCH = YES;
				COPY_PHASE_STRIP = NO;
				DEBUG_INFORMATION_FORMAT = dwarf;
				ENABLE_STRICT_OBJC_MSGSEND = YES;
				ENABLE_TESTABILITY = YES;
				GCC_C_LANGUAGE_STANDARD = gnu11;
				GCC_DYNAMIC_NO_PIC = NO;
				GCC_NO_COMMON_BLOCKS = YES;
				GCC_OPTIMIZATION_LEVEL = 0;
				GCC_PREPROCESSOR_DEFINITIONS = (
					"DEBUG=1",
					"$(inherited)",
				);
				GCC_WARN_64_TO_32_BIT_CONVERSION = YES;
				GCC_WARN_ABOUT_RETURN_TYPE = YES_ERROR;
				GCC_WARN_UNDECLARED_SELECTOR = YES;
				GCC_WARN_UNINITIALIZED_AUTOS = YES_AGGRESSIVE;
				GCC_WARN_UNUSED_FUNCTION = YES;
				GCC_WARN_UNUSED_VARIABLE = YES;
				IPHONEOS_DEPLOYMENT_TARGET = 13.2;
				MTL_ENABLE_DEBUG_INFO = INCLUDE_SOURCE;
				MTL_FAST_MATH = YES;
				ONLY_ACTIVE_ARCH = YES;
				SDKROOT = iphoneos;
				SWIFT_ACTIVE_COMPILATION_CONDITIONS = DEBUG;
				SWIFT_OPTIMIZATION_LEVEL = "-Onone";
			};
			name = Debug;
		};
		591B2417259AB9B0000A7AFB /* Release */ = {
			isa = XCBuildConfiguration;
			buildSettings = {
				ALWAYS_SEARCH_USER_PATHS = NO;
				CLANG_ANALYZER_NONNULL = YES;
				CLANG_ANALYZER_NUMBER_OBJECT_CONVERSION = YES_AGGRESSIVE;
				CLANG_CXX_LANGUAGE_STANDARD = "gnu++14";
				CLANG_CXX_LIBRARY = "libc++";
				CLANG_ENABLE_MODULES = YES;
				CLANG_ENABLE_OBJC_ARC = YES;
				CLANG_ENABLE_OBJC_WEAK = YES;
				CLANG_WARN_BLOCK_CAPTURE_AUTORELEASING = YES;
				CLANG_WARN_BOOL_CONVERSION = YES;
				CLANG_WARN_COMMA = YES;
				CLANG_WARN_CONSTANT_CONVERSION = YES;
				CLANG_WARN_DEPRECATED_OBJC_IMPLEMENTATIONS = YES;
				CLANG_WARN_DIRECT_OBJC_ISA_USAGE = YES_ERROR;
				CLANG_WARN_DOCUMENTATION_COMMENTS = YES;
				CLANG_WARN_EMPTY_BODY = YES;
				CLANG_WARN_ENUM_CONVERSION = YES;
				CLANG_WARN_INFINITE_RECURSION = YES;
				CLANG_WARN_INT_CONVERSION = YES;
				CLANG_WARN_NON_LITERAL_NULL_CONVERSION = YES;
				CLANG_WARN_OBJC_IMPLICIT_RETAIN_SELF = YES;
				CLANG_WARN_OBJC_LITERAL_CONVERSION = YES;
				CLANG_WARN_OBJC_ROOT_CLASS = YES_ERROR;
				CLANG_WARN_RANGE_LOOP_ANALYSIS = YES;
				CLANG_WARN_STRICT_PROTOTYPES = YES;
				CLANG_WARN_SUSPICIOUS_MOVE = YES;
				CLANG_WARN_UNGUARDED_AVAILABILITY = YES_AGGRESSIVE;
				CLANG_WARN_UNREACHABLE_CODE = YES;
				CLANG_WARN__DUPLICATE_METHOD_MATCH = YES;
				COPY_PHASE_STRIP = NO;
				DEBUG_INFORMATION_FORMAT = "dwarf-with-dsym";
				ENABLE_NS_ASSERTIONS = NO;
				ENABLE_STRICT_OBJC_MSGSEND = YES;
				GCC_C_LANGUAGE_STANDARD = gnu11;
				GCC_NO_COMMON_BLOCKS = YES;
				GCC_WARN_64_TO_32_BIT_CONVERSION = YES;
				GCC_WARN_ABOUT_RETURN_TYPE = YES_ERROR;
				GCC_WARN_UNDECLARED_SELECTOR = YES;
				GCC_WARN_UNINITIALIZED_AUTOS = YES_AGGRESSIVE;
				GCC_WARN_UNUSED_FUNCTION = YES;
				GCC_WARN_UNUSED_VARIABLE = YES;
				IPHONEOS_DEPLOYMENT_TARGET = 13.2;
				MTL_ENABLE_DEBUG_INFO = NO;
				MTL_FAST_MATH = YES;
				SDKROOT = iphoneos;
				SWIFT_COMPILATION_MODE = wholemodule;
				SWIFT_OPTIMIZATION_LEVEL = "-O";
				VALIDATE_PRODUCT = YES;
			};
			name = Release;
		};
		591B2419259AB9B0000A7AFB /* Debug */ = {
			isa = XCBuildConfiguration;
			buildSettings = {
				ASSETCATALOG_COMPILER_APPICON_NAME = AppIcon;
				CODE_SIGN_STYLE = Automatic;
				DEVELOPMENT_ASSET_PATHS = "\"01-first_app/Preview Content\"";
				DEVELOPMENT_TEAM = N676BZLCLV;
				ENABLE_PREVIEWS = YES;
				INFOPLIST_FILE = "01-first_app/Info.plist";
				LD_RUNPATH_SEARCH_PATHS = (
					"$(inherited)",
					"@executable_path/Frameworks",
				);
				PRODUCT_BUNDLE_IDENTIFIER = "com.JaimeCastro.-1-first-app";
				PRODUCT_NAME = "$(TARGET_NAME)";
				SWIFT_VERSION = 5.0;
				TARGETED_DEVICE_FAMILY = "1,2";
			};
			name = Debug;
		};
		591B241A259AB9B0000A7AFB /* Release */ = {
			isa = XCBuildConfiguration;
			buildSettings = {
				ASSETCATALOG_COMPILER_APPICON_NAME = AppIcon;
				CODE_SIGN_STYLE = Automatic;
				DEVELOPMENT_ASSET_PATHS = "\"01-first_app/Preview Content\"";
				DEVELOPMENT_TEAM = N676BZLCLV;
				ENABLE_PREVIEWS = YES;
				INFOPLIST_FILE = "01-first_app/Info.plist";
				LD_RUNPATH_SEARCH_PATHS = (
					"$(inherited)",
					"@executable_path/Frameworks",
				);
				PRODUCT_BUNDLE_IDENTIFIER = "com.JaimeCastro.-1-first-app";
				PRODUCT_NAME = "$(TARGET_NAME)";
				SWIFT_VERSION = 5.0;
				TARGETED_DEVICE_FAMILY = "1,2";
			};
			name = Release;
		};
/* End XCBuildConfiguration section */

/* Begin XCConfigurationList section */
		591B23FF259AB9AA000A7AFB /* Build configuration list for PBXProject "01-first_app" */ = {
			isa = XCConfigurationList;
			buildConfigurations = (
				591B2416259AB9B0000A7AFB /* Debug */,
				591B2417259AB9B0000A7AFB /* Release */,
			);
			defaultConfigurationIsVisible = 0;
			defaultConfigurationName = Release;
		};
		591B2418259AB9B0000A7AFB /* Build configuration list for PBXNativeTarget "01-first_app" */ = {
			isa = XCConfigurationList;
			buildConfigurations = (
				591B2419259AB9B0000A7AFB /* Debug */,
				591B241A259AB9B0000A7AFB /* Release */,
			);
			defaultConfigurationIsVisible = 0;
			defaultConfigurationName = Release;
		};
/* End XCConfigurationList section */
	};
	rootObject = 591B23FC259AB9AA000A7AFB /* Project object */;
}
